
Microsoft Visual Studio Solution File, Format Version 12.00
# Visual Studio Version 17
VisualStudioVersion = 17.3.32929.385
MinimumVisualStudioVersion = 10.0.40219.1
Project("{2150E333-8FDC-42A3-9474-1A3956D46DE8}") = "01 - API", "01 - API", "{F00C0D07-00AC-46B4-B0A4-7EFA1BAEA22F}"
EndProject
Project("{2150E333-8FDC-42A3-9474-1A3956D46DE8}") = "02 - Domain", "02 - Domain", "{CB8D3EC9-A6C3-468E-8B65-61027483B302}"
EndProject
Project("{2150E333-8FDC-42A3-9474-1A3956D46DE8}") = "03 - Infra", "03 - Infra", "{066E9571-F36F-4874-8874-E5C8B1FF2131}"
EndProject
Project("{FAE04EC0-301F-11D3-BF4B-00C04F79EFBC}") = "PressStart2.Api", "PressStart2.Api\PressStart2.Api.csproj", "{92EC3D58-DDF2-49AF-B545-177D07392414}"
EndProject
Project("{FAE04EC0-301F-11D3-BF4B-00C04F79EFBC}") = "PressStart2.Domain", "PressStart2.Domain\PressStart2.Domain.csproj", "{1BC70F1C-987D-4A0F-B904-DC994F703897}"
EndProject
Project("{2150E333-8FDC-42A3-9474-1A3956D46DE8}") = "03.01 - Data", "03.01 - Data", "{D0F9285A-F19D-4950-A498-EBE28EA2FB06}"
EndProject
Project("{2150E333-8FDC-42A3-9474-1A3956D46DE8}") = "03.02 - CrossCutting", "03.02 - CrossCutting", "{DB9D5BCC-021D-4014-B572-7560CA0BEBE5}"
EndProject
Project("{FAE04EC0-301F-11D3-BF4B-00C04F79EFBC}") = "PressStart2.Infra.Data", "PressStart2.Infra.Data\PressStart2.Infra.Data.csproj", "{D69FE5F3-7E0D-414F-AD3C-0AB560498425}"
EndProject
Project("{FAE04EC0-301F-11D3-BF4B-00C04F79EFBC}") = "PressStart2.Infra.CrossCutting", "PressStart2.Infra.CrossCutting\PressStart2.Infra.CrossCutting.csproj", "{44C62075-D339-46B5-A162-18F3383250A9}"
EndProject
Project("{2150E333-8FDC-42A3-9474-1A3956D46DE8}") = "Commands", "Commands", "{58A40DC2-D20F-4BFD-A3A3-D086FF46A353}"
EndProject
Project("{2150E333-8FDC-42A3-9474-1A3956D46DE8}") = "DTOs", "DTOs", "{72F7016F-5C1C-44C3-BF96-9384C60FDA93}"
EndProject
Project("{2150E333-8FDC-42A3-9474-1A3956D46DE8}") = "Entities", "Entities", "{0A17E196-3EC6-4F04-B22F-22E15D9116D5}"
	ProjectSection(SolutionItems) = preProject
		Clientes.cs = Clientes.cs
		Vendas.cs = Vendas.cs
		EntidadeBase.cs = EntidadeBase.cs
		VendaItem.cs = VendaItem.cs
	EndProjectSection
EndProject
Project("{2150E333-8FDC-42A3-9474-1A3956D46DE8}") = "Interfaces", "Interfaces", "{89D78CF1-CBCF-4B4B-A7DC-6319181A0A2F}"
EndProject
Project("{2150E333-8FDC-42A3-9474-1A3956D46DE8}") = "Contracts", "Contracts", "{32830411-1AD0-4AF1-9C57-7E851497AF62}"
EndProject
Global
	GlobalSection(SolutionConfigurationPlatforms) = preSolution
		Debug|Any CPU = Debug|Any CPU
		Release|Any CPU = Release|Any CPU
	EndGlobalSection
	GlobalSection(ProjectConfigurationPlatforms) = postSolution
		{92EC3D58-DDF2-49AF-B545-177D07392414}.Debug|Any CPU.ActiveCfg = Debug|Any CPU
		{92EC3D58-DDF2-49AF-B545-177D07392414}.Debug|Any CPU.Build.0 = Debug|Any CPU
		{92EC3D58-DDF2-49AF-B545-177D07392414}.Release|Any CPU.ActiveCfg = Release|Any CPU
		{92EC3D58-DDF2-49AF-B545-177D07392414}.Release|Any CPU.Build.0 = Release|Any CPU
		{1BC70F1C-987D-4A0F-B904-DC994F703897}.Debug|Any CPU.ActiveCfg = Debug|Any CPU
		{1BC70F1C-987D-4A0F-B904-DC994F703897}.Debug|Any CPU.Build.0 = Debug|Any CPU
		{1BC70F1C-987D-4A0F-B904-DC994F703897}.Release|Any CPU.ActiveCfg = Release|Any CPU
		{1BC70F1C-987D-4A0F-B904-DC994F703897}.Release|Any CPU.Build.0 = Release|Any CPU
		{D69FE5F3-7E0D-414F-AD3C-0AB560498425}.Debug|Any CPU.ActiveCfg = Debug|Any CPU
		{D69FE5F3-7E0D-414F-AD3C-0AB560498425}.Debug|Any CPU.Build.0 = Debug|Any CPU
		{D69FE5F3-7E0D-414F-AD3C-0AB560498425}.Release|Any CPU.ActiveCfg = Release|Any CPU
		{D69FE5F3-7E0D-414F-AD3C-0AB560498425}.Release|Any CPU.Build.0 = Release|Any CPU
		{44C62075-D339-46B5-A162-18F3383250A9}.Debug|Any CPU.ActiveCfg = Debug|Any CPU
		{44C62075-D339-46B5-A162-18F3383250A9}.Debug|Any CPU.Build.0 = Debug|Any CPU
		{44C62075-D339-46B5-A162-18F3383250A9}.Release|Any CPU.ActiveCfg = Release|Any CPU
		{44C62075-D339-46B5-A162-18F3383250A9}.Release|Any CPU.Build.0 = Release|Any CPU
	EndGlobalSection
	GlobalSection(SolutionProperties) = preSolution
		HideSolutionNode = FALSE
	EndGlobalSection
	GlobalSection(NestedProjects) = preSolution
		{92EC3D58-DDF2-49AF-B545-177D07392414} = {F00C0D07-00AC-46B4-B0A4-7EFA1BAEA22F}
		{1BC70F1C-987D-4A0F-B904-DC994F703897} = {CB8D3EC9-A6C3-468E-8B65-61027483B302}
		{D0F9285A-F19D-4950-A498-EBE28EA2FB06} = {066E9571-F36F-4874-8874-E5C8B1FF2131}
		{DB9D5BCC-021D-4014-B572-7560CA0BEBE5} = {066E9571-F36F-4874-8874-E5C8B1FF2131}
		{D69FE5F3-7E0D-414F-AD3C-0AB560498425} = {D0F9285A-F19D-4950-A498-EBE28EA2FB06}
		{44C62075-D339-46B5-A162-18F3383250A9} = {DB9D5BCC-021D-4014-B572-7560CA0BEBE5}
		{58A40DC2-D20F-4BFD-A3A3-D086FF46A353} = {CB8D3EC9-A6C3-468E-8B65-61027483B302}
		{72F7016F-5C1C-44C3-BF96-9384C60FDA93} = {CB8D3EC9-A6C3-468E-8B65-61027483B302}
		{0A17E196-3EC6-4F04-B22F-22E15D9116D5} = {CB8D3EC9-A6C3-468E-8B65-61027483B302}
		{89D78CF1-CBCF-4B4B-A7DC-6319181A0A2F} = {CB8D3EC9-A6C3-468E-8B65-61027483B302}
		{32830411-1AD0-4AF1-9C57-7E851497AF62} = {0A17E196-3EC6-4F04-B22F-22E15D9116D5}
	EndGlobalSection
	GlobalSection(ExtensibilityGlobals) = postSolution
		SolutionGuid = {0AC3D473-5AD6-4F0D-BA25-A57FBF0DC056}
	EndGlobalSection
EndGlobal
